{
  "object": {
    "pins": [
      {
        "package": "Kanna",
        "repositoryURL": "https://github.com/tid-kijyun/Kanna.git",
        "state": {
          "branch": null,
          "revision": "0534d5d4917410870fcac8907e06f69b58a23417",
          "version": "4.0.3"
        }
      },
      {
        "package": "ZIPFoundation",
        "repositoryURL": "https://github.com/weichsel/ZIPFoundation",
        "state": {
          "branch": null,
          "revision": "3f38d518c5e41f1cf25ff6a1d28c46db5e79a0b9",
          "version": "0.9.10"
        }
      }
    ]
  },
  "version": 1
}
